# This file is automatically @generated by Cargo.
# It is not intended for manual editing.
[[package]]
name = "mod_ansi"
version = "0.1.23"

[[package]]
name = "mod_bytecode"
version = "0.1.23"
dependencies = [
 "mod_common 0.1.23",
]

[[package]]
name = "mod_codegen"
version = "0.1.23"
dependencies = [
 "mod_bytecode 0.1.23",
 "mod_common 0.1.23",
 "mod_frontend 0.1.23",
]

[[package]]
name = "mod_common"
version = "0.1.23"

[[package]]
name = "mod_declaration_builder"
version = "0.1.23"
dependencies = [
 "mod_common 0.1.23",
 "mod_frontend 0.1.23",
]

[[package]]
name = "mod_frontend"
version = "0.1.23"
dependencies = [
 "mod_ansi 0.1.23",
 "mod_common 0.1.23",
 "mod_utils 0.1.23",
]

[[package]]
name = "mod_language"
version = "0.1.23"
dependencies = [
 "mod_ansi 0.1.23",
 "mod_bytecode 0.1.23",
 "mod_codegen 0.1.23",
 "mod_common 0.1.23",
 "mod_declaration_builder 0.1.23",
 "mod_frontend 0.1.23",
 "mod_utils 0.1.23",
]

[[package]]
name = "mod_utils"
version = "0.1.23"

